// !$*UTF8*$!
{
	archiveVersion = 1;
	classes = {
	};
	objectVersion = 56;
	objects = {

/* Begin PBXBuildFile section */
		F55B7A8D2C323FE500926F4E /* AppDelegate.swift in Sources */ = {isa = PBXBuildFile; fileRef = F55B7A8C2C323FE500926F4E /* AppDelegate.swift */; };
		F55B7A8F2C323FE500926F4E /* SceneDelegate.swift in Sources */ = {isa = PBXBuildFile; fileRef = F55B7A8E2C323FE500926F4E /* SceneDelegate.swift */; };
		F55B7A912C323FE500926F4E /* ViewController.swift in Sources */ = {isa = PBXBuildFile; fileRef = F55B7A902C323FE500926F4E /* ViewController.swift */; };
		F55B7A942C323FE500926F4E /* Main.storyboard in Resources */ = {isa = PBXBuildFile; fileRef = F55B7A922C323FE500926F4E /* Main.storyboard */; };
		F55B7A962C323FE600926F4E /* Assets.xcassets in Resources */ = {isa = PBXBuildFile; fileRef = F55B7A952C323FE600926F4E /* Assets.xcassets */; };
		F55B7A992C323FE600926F4E /* LaunchScreen.storyboard in Resources */ = {isa = PBXBuildFile; fileRef = F55B7A972C323FE600926F4E /* LaunchScreen.storyboard */; };
		F55B7AA42C323FE600926F4E /* APIPROJETests.swift in Sources */ = {isa = PBXBuildFile; fileRef = F55B7AA32C323FE600926F4E /* APIPROJETests.swift */; };
		F55B7AAE2C323FE600926F4E /* APIPROJEUITests.swift in Sources */ = {isa = PBXBuildFile; fileRef = F55B7AAD2C323FE600926F4E /* APIPROJEUITests.swift */; };
		F55B7AB02C323FE600926F4E /* APIPROJEUITestsLaunchTests.swift in Sources */ = {isa = PBXBuildFile; fileRef = F55B7AAF2C323FE600926F4E /* APIPROJEUITestsLaunchTests.swift */; };
/* End PBXBuildFile section */

/* Begin PBXContainerItemProxy section */
		F55B7AA02C323FE600926F4E /* PBXContainerItemProxy */ = {
			isa = PBXContainerItemProxy;
			containerPortal = F55B7A812C323FE400926F4E /* Project object */;
			proxyType = 1;
			remoteGlobalIDString = F55B7A882C323FE500926F4E;
			remoteInfo = APIPROJE;
		};
		F55B7AAA2C323FE600926F4E /* PBXContainerItemProxy */ = {
			isa = PBXContainerItemProxy;
			containerPortal = F55B7A812C323FE400926F4E /* Project object */;
			proxyType = 1;
			remoteGlobalIDString = F55B7A882C323FE500926F4E;
			remoteInfo = APIPROJE;
		};
/* End PBXContainerItemProxy section */

/* Begin PBXFileReference section */
		F55B7A892C323FE500926F4E /* APIPROJE.app */ = {isa = PBXFileReference; explicitFileType = wrapper.application; includeInIndex = 0; path = APIPROJE.app; sourceTree = BUILT_PRODUCTS_DIR; };
		F55B7A8C2C323FE500926F4E /* AppDelegate.swift */ = {isa = PBXFileReference; lastKnownFileType = sourcecode.swift; path = AppDelegate.swift; sourceTree = "<group>"; };
		F55B7A8E2C323FE500926F4E /* SceneDelegate.swift */ = {isa = PBXFileReference; lastKnownFileType = sourcecode.swift; path = SceneDelegate.swift; sourceTree = "<group>"; };
		F55B7A902C323FE500926F4E /* ViewController.swift */ = {isa = PBXFileReference; lastKnownFileType = sourcecode.swift; path = ViewController.swift; sourceTree = "<group>"; };
		F55B7A932C323FE500926F4E /* Base */ = {isa = PBXFileReference; lastKnownFileType = file.storyboard; name = Base; path = Base.lproj/Main.storyboard; sourceTree = "<group>"; };
		F55B7A952C323FE600926F4E /* Assets.xcassets */ = {isa = PBXFileReference; lastKnownFileType = folder.assetcatalog; path = Assets.xcassets; sourceTree = "<group>"; };
		F55B7A982C323FE600926F4E /* Base */ = {isa = PBXFileReference; lastKnownFileType = file.storyboard; name = Base; path = Base.lproj/LaunchScreen.storyboard; sourceTree = "<group>"; };
		F55B7A9A2C323FE600926F4E /* Info.plist */ = {isa = PBXFileReference; lastKnownFileType = text.plist.xml; path = Info.plist; sourceTree = "<group>"; };
		F55B7A9F2C323FE600926F4E /* APIPROJETests.xctest */ = {isa = PBXFileReference; explicitFileType = wrapper.cfbundle; includeInIndex = 0; path = APIPROJETests.xctest; sourceTree = BUILT_PRODUCTS_DIR; };
		F55B7AA32C323FE600926F4E /* APIPROJETests.swift */ = {isa = PBXFileReference; lastKnownFileType = sourcecode.swift; path = APIPROJETests.swift; sourceTree = "<group>"; };
		F55B7AA92C323FE600926F4E /* APIPROJEUITests.xctest */ = {isa = PBXFileReference; explicitFileType = wrapper.cfbundle; includeInIndex = 0; path = APIPROJEUITests.xctest; sourceTree = BUILT_PRODUCTS_DIR; };
		F55B7AAD2C323FE600926F4E /* APIPROJEUITests.swift */ = {isa = PBXFileReference; lastKnownFileType = sourcecode.swift; path = APIPROJEUITests.swift; sourceTree = "<group>"; };
		F55B7AAF2C323FE600926F4E /* APIPROJEUITestsLaunchTests.swift */ = {isa = PBXFileReference; lastKnownFileType = sourcecode.swift; path = APIPROJEUITestsLaunchTests.swift; sourceTree = "<group>"; };
/* End PBXFileReference section */

/* Begin PBXFrameworksBuildPhase section */
		F55B7A862C323FE500926F4E /* Frameworks */ = {
			isa = PBXFrameworksBuildPhase;
			buildActionMask = 2147483647;
			files = (
			);
			runOnlyForDeploymentPostprocessing = 0;
		};
		F55B7A9C2C323FE600926F4E /* Frameworks */ = {
			isa = PBXFrameworksBuildPhase;
			buildActionMask = 2147483647;
			files = (
			);
			runOnlyForDeploymentPostprocessing = 0;
		};
		F55B7AA62C323FE600926F4E /* Frameworks */ = {
			isa = PBXFrameworksBuildPhase;
			buildActionMask = 2147483647;
			files = (
			);
			runOnlyForDeploymentPostprocessing = 0;
		};
/* End PBXFrameworksBuildPhase section */

/* Begin PBXGroup section */
		F55B7A802C323FE400926F4E = {
			isa = PBXGroup;
			children = (
				F55B7A8B2C323FE500926F4E /* APIPROJE */,
				F55B7AA22C323FE600926F4E /* APIPROJETests */,
				F55B7AAC2C323FE600926F4E /* APIPROJEUITests */,
				F55B7A8A2C323FE500926F4E /* Products */,
			);
			sourceTree = "<group>";
		};
		F55B7A8A2C323FE500926F4E /* Products */ = {
			isa = PBXGroup;
			children = (
				F55B7A892C323FE500926F4E /* APIPROJE.app */,
				F55B7A9F2C323FE600926F4E /* APIPROJETests.xctest */,
				F55B7AA92C323FE600926F4E /* APIPROJEUITests.xctest */,
			);
			name = Products;
			sourceTree = "<group>";
		};
		F55B7A8B2C323FE500926F4E /* APIPROJE */ = {
			isa = PBXGroup;
			children = (
				F55B7A8C2C323FE500926F4E /* AppDelegate.swift */,
				F55B7A8E2C323FE500926F4E /* SceneDelegate.swift */,
				F55B7A902C323FE500926F4E /* ViewController.swift */,
				F55B7A922C323FE500926F4E /* Main.storyboard */,
				F55B7A952C323FE600926F4E /* Assets.xcassets */,
				F55B7A972C323FE600926F4E /* LaunchScreen.storyboard */,
				F55B7A9A2C323FE600926F4E /* Info.plist */,
			);
			path = APIPROJE;
			sourceTree = "<group>";
		};
		F55B7AA22C323FE600926F4E /* APIPROJETests */ = {
			isa = PBXGroup;
			children = (
				F55B7AA32C323FE600926F4E /* APIPROJETests.swift */,
			);
			path = APIPROJETests;
			sourceTree = "<group>";
		};
		F55B7AAC2C323FE600926F4E /* APIPROJEUITests */ = {
			isa = PBXGroup;
			children = (
				F55B7AAD2C323FE600926F4E /* APIPROJEUITests.swift */,
				F55B7AAF2C323FE600926F4E /* APIPROJEUITestsLaunchTests.swift */,
			);
			path = APIPROJEUITests;
			sourceTree = "<group>";
		};
/* End PBXGroup section */

/* Begin PBXNativeTarget section */
		F55B7A882C323FE500926F4E /* APIPROJE */ = {
			isa = PBXNativeTarget;
			buildConfigurationList = F55B7AB32C323FE600926F4E /* Build configuration list for PBXNativeTarget "APIPROJE" */;
			buildPhases = (
				F55B7A852C323FE500926F4E /* Sources */,
				F55B7A862C323FE500926F4E /* Frameworks */,
				F55B7A872C323FE500926F4E /* Resources */,
			);
			buildRules = (
			);
			dependencies = (
			);
			name = APIPROJE;
			productName = APIPROJE;
			productReference = F55B7A892C323FE500926F4E /* APIPROJE.app */;
			productType = "com.apple.product-type.application";
		};
		F55B7A9E2C323FE600926F4E /* APIPROJETests */ = {
			isa = PBXNativeTarget;
			buildConfigurationList = F55B7AB62C323FE600926F4E /* Build configuration list for PBXNativeTarget "APIPROJETests" */;
			buildPhases = (
				F55B7A9B2C323FE600926F4E /* Sources */,
				F55B7A9C2C323FE600926F4E /* Frameworks */,
				F55B7A9D2C323FE600926F4E /* Resources */,
			);
			buildRules = (
			);
			dependencies = (
				F55B7AA12C323FE600926F4E /* PBXTargetDependency */,
			);
			name = APIPROJETests;
			productName = APIPROJETests;
			productReference = F55B7A9F2C323FE600926F4E /* APIPROJETests.xctest */;
			productType = "com.apple.product-type.bundle.unit-test";
		};
		F55B7AA82C323FE600926F4E /* APIPROJEUITests */ = {
			isa = PBXNativeTarget;
			buildConfigurationList = F55B7AB92C323FE600926F4E /* Build configuration list for PBXNativeTarget "APIPROJEUITests" */;
			buildPhases = (
				F55B7AA52C323FE600926F4E /* Sources */,
				F55B7AA62C323FE600926F4E /* Frameworks */,
				F55B7AA72C323FE600926F4E /* Resources */,
			);
			buildRules = (
			);
			dependencies = (
				F55B7AAB2C323FE600926F4E /* PBXTargetDependency */,
			);
			name = APIPROJEUITests;
			productName = APIPROJEUITests;
			productReference = F55B7AA92C323FE600926F4E /* APIPROJEUITests.xctest */;
			productType = "com.apple.product-type.bundle.ui-testing";
		};
/* End PBXNativeTarget section */

/* Begin PBXProject section */
		F55B7A812C323FE400926F4E /* Project object */ = {
			isa = PBXProject;
			attributes = {
				BuildIndependentTargetsInParallel = 1;
				LastSwiftUpdateCheck = 1430;
				LastUpgradeCheck = 1430;
				TargetAttributes = {
					F55B7A882C323FE500926F4E = {
						CreatedOnToolsVersion = 14.3.1;
					};
					F55B7A9E2C323FE600926F4E = {
						CreatedOnToolsVersion = 14.3.1;
						TestTargetID = F55B7A882C323FE500926F4E;
					};
					F55B7AA82C323FE600926F4E = {
						CreatedOnToolsVersion = 14.3.1;
						TestTargetID = F55B7A882C323FE500926F4E;
					};
				};
			};
			buildConfigurationList = F55B7A842C323FE400926F4E /* Build configuration list for PBXProject "APIPROJE" */;
			compatibilityVersion = "Xcode 14.0";
			developmentRegion = en;
			hasScannedForEncodings = 0;
			knownRegions = (
				en,
				Base,
			);
			mainGroup = F55B7A802C323FE400926F4E;
			productRefGroup = F55B7A8A2C323FE500926F4E /* Products */;
			projectDirPath = "";
			projectRoot = "";
			targets = (
				F55B7A882C323FE500926F4E /* APIPROJE */,
				F55B7A9E2C323FE600926F4E /* APIPROJETests */,
				F55B7AA82C323FE600926F4E /* APIPROJEUITests */,
			);
		};
/* End PBXProject section */

/* Begin PBXResourcesBuildPhase section */
		F55B7A872C323FE500926F4E /* Resources */ = {
			isa = PBXResourcesBuildPhase;
			buildActionMask = 2147483647;
			files = (
				F55B7A992C323FE600926F4E /* LaunchScreen.storyboard in Resources */,
				F55B7A962C323FE600926F4E /* Assets.xcassets in Resources */,
				F55B7A942C323FE500926F4E /* Main.storyboard in Resources */,
			);
			runOnlyForDeploymentPostprocessing = 0;
		};
		F55B7A9D2C323FE600926F4E /* Resources */ = {
			isa = PBXResourcesBuildPhase;
			buildActionMask = 2147483647;
			files = (
			);
			runOnlyForDeploymentPostprocessing = 0;
		};
		F55B7AA72C323FE600926F4E /* Resources */ = {
			isa = PBXResourcesBuildPhase;
			buildActionMask = 2147483647;
			files = (
			);
			runOnlyForDeploymentPostprocessing = 0;
		};
/* End PBXResourcesBuildPhase section */

/* Begin PBXSourcesBuildPhase section */
		F55B7A852C323FE500926F4E /* Sources */ = {
			isa = PBXSourcesBuildPhase;
			buildActionMask = 2147483647;
			files = (
				F55B7A912C323FE500926F4E /* ViewController.swift in Sources */,
				F55B7A8D2C323FE500926F4E /* AppDelegate.swift in Sources */,
				F55B7A8F2C323FE500926F4E /* SceneDelegate.swift in Sources */,
			);
			runOnlyForDeploymentPostprocessing = 0;
		};
		F55B7A9B2C323FE600926F4E /* Sources */ = {
			isa = PBXSourcesBuildPhase;
			buildActionMask = 2147483647;
			files = (
				F55B7AA42C323FE600926F4E /* APIPROJETests.swift in Sources */,
			);
			runOnlyForDeploymentPostprocessing = 0;
		};
		F55B7AA52C323FE600926F4E /* Sources */ = {
			isa = PBXSourcesBuildPhase;
			buildActionMask = 2147483647;
			files = (
				F55B7AB02C323FE600926F4E /* APIPROJEUITestsLaunchTests.swift in Sources */,
				F55B7AAE2C323FE600926F4E /* APIPROJEUITests.swift in Sources */,
			);
			runOnlyForDeploymentPostprocessing = 0;
		};
/* End PBXSourcesBuildPhase section */

/* Begin PBXTargetDependency section */
		F55B7AA12C323FE600926F4E /* PBXTargetDependency */ = {
			isa = PBXTargetDependency;
			target = F55B7A882C323FE500926F4E /* APIPROJE */;
			targetProxy = F55B7AA02C323FE600926F4E /* PBXContainerItemProxy */;
		};
		F55B7AAB2C323FE600926F4E /* PBXTargetDependency */ = {
			isa = PBXTargetDependency;
			target = F55B7A882C323FE500926F4E /* APIPROJE */;
			targetProxy = F55B7AAA2C323FE600926F4E /* PBXContainerItemProxy */;
		};
/* End PBXTargetDependency section */

/* Begin PBXVariantGroup section */
		F55B7A922C323FE500926F4E /* Main.storyboard */ = {
			isa = PBXVariantGroup;
			children = (
				F55B7A932C323FE500926F4E /* Base */,
			);
			name = Main.storyboard;
			sourceTree = "<group>";
		};
		F55B7A972C323FE600926F4E /* LaunchScreen.storyboard */ = {
			isa = PBXVariantGroup;
			children = (
				F55B7A982C323FE600926F4E /* Base */,
			);
			name = LaunchScreen.storyboard;
			sourceTree = "<group>";
		};
/* End PBXVariantGroup section */

/* Begin XCBuildConfiguration section */
		F55B7AB12C323FE600926F4E /* Debug */ = {
			isa = XCBuildConfiguration;
			buildSettings = {
				ALWAYS_SEARCH_USER_PATHS = NO;
				CLANG_ANALYZER_NONNULL = YES;
				CLANG_ANALYZER_NUMBER_OBJECT_CONVERSION = YES_AGGRESSIVE;
				CLANG_CXX_LANGUAGE_STANDARD = "gnu++20";
				CLANG_ENABLE_MODULES = YES;
				CLANG_ENABLE_OBJC_ARC = YES;
				CLANG_ENABLE_OBJC_WEAK = YES;
				CLANG_WARN_BLOCK_CAPTURE_AUTORELEASING = YES;
				CLANG_WARN_BOOL_CONVERSION = YES;
				CLANG_WARN_COMMA = YES;
				CLANG_WARN_CONSTANT_CONVERSION = YES;
				CLANG_WARN_DEPRECATED_OBJC_IMPLEMENTATIONS = YES;
				CLANG_WARN_DIRECT_OBJC_ISA_USAGE = YES_ERROR;
				CLANG_WARN_DOCUMENTATION_COMMENTS = YES;
				CLANG_WARN_EMPTY_BODY = YES;
				CLANG_WARN_ENUM_CONVERSION = YES;
				CLANG_WARN_INFINITE_RECURSION = YES;
				CLANG_WARN_INT_CONVERSION = YES;
				CLANG_WARN_NON_LITERAL_NULL_CONVERSION = YES;
				CLANG_WARN_OBJC_IMPLICIT_RETAIN_SELF = YES;
				CLANG_WARN_OBJC_LITERAL_CONVERSION = YES;
				CLANG_WARN_OBJC_ROOT_CLASS = YES_ERROR;
				CLANG_WARN_QUOTED_INCLUDE_IN_FRAMEWORK_HEADER = YES;
				CLANG_WARN_RANGE_LOOP_ANALYSIS = YES;
				CLANG_WARN_STRICT_PROTOTYPES = YES;
				CLANG_WARN_SUSPICIOUS_MOVE = YES;
				CLANG_WARN_UNGUARDED_AVAILABILITY = YES_AGGRESSIVE;
				CLANG_WARN_UNREACHABLE_CODE = YES;
				CLANG_WARN__DUPLICATE_METHOD_MATCH = YES;
				COPY_PHASE_STRIP = NO;
				DEBUG_INFORMATION_FORMAT = dwarf;
				ENABLE_STRICT_OBJC_MSGSEND = YES;
				ENABLE_TESTABILITY = YES;
				GCC_C_LANGUAGE_STANDARD = gnu11;
				GCC_DYNAMIC_NO_PIC = NO;
				GCC_NO_COMMON_BLOCKS = YES;
				GCC_OPTIMIZATION_LEVEL = 0;
				GCC_PREPROCESSOR_DEFINITIONS = (
					"DEBUG=1",
					"$(inherited)",
				);
				GCC_WARN_64_TO_32_BIT_CONVERSION = YES;
				GCC_WARN_ABOUT_RETURN_TYPE = YES_ERROR;
				GCC_WARN_UNDECLARED_SELECTOR = YES;
				GCC_WARN_UNINITIALIZED_AUTOS = YES_AGGRESSIVE;
				GCC_WARN_UNUSED_FUNCTION = YES;
				GCC_WARN_UNUSED_VARIABLE = YES;
				IPHONEOS_DEPLOYMENT_TARGET = 16.4;
				MTL_ENABLE_DEBUG_INFO = INCLUDE_SOURCE;
				MTL_FAST_MATH = YES;
				ONLY_ACTIVE_ARCH = YES;
				SDKROOT = iphoneos;
				SWIFT_ACTIVE_COMPILATION_CONDITIONS = DEBUG;
				SWIFT_OPTIMIZATION_LEVEL = "-Onone";
			};
			name = Debug;
		};
		F55B7AB22C323FE600926F4E /* Release */ = {
			isa = XCBuildConfiguration;
			buildSettings = {
				ALWAYS_SEARCH_USER_PATHS = NO;
				CLANG_ANALYZER_NONNULL = YES;
				CLANG_ANALYZER_NUMBER_OBJECT_CONVERSION = YES_AGGRESSIVE;
				CLANG_CXX_LANGUAGE_STANDARD = "gnu++20";
				CLANG_ENABLE_MODULES = YES;
				CLANG_ENABLE_OBJC_ARC = YES;
				CLANG_ENABLE_OBJC_WEAK = YES;
				CLANG_WARN_BLOCK_CAPTURE_AUTORELEASING = YES;
				CLANG_WARN_BOOL_CONVERSION = YES;
				CLANG_WARN_COMMA = YES;
				CLANG_WARN_CONSTANT_CONVERSION = YES;
				CLANG_WARN_DEPRECATED_OBJC_IMPLEMENTATIONS = YES;
				CLANG_WARN_DIRECT_OBJC_ISA_USAGE = YES_ERROR;
				CLANG_WARN_DOCUMENTATION_COMMENTS = YES;
				CLANG_WARN_EMPTY_BODY = YES;
				CLANG_WARN_ENUM_CONVERSION = YES;
				CLANG_WARN_INFINITE_RECURSION = YES;
				CLANG_WARN_INT_CONVERSION = YES;
				CLANG_WARN_NON_LITERAL_NULL_CONVERSION = YES;
				CLANG_WARN_OBJC_IMPLICIT_RETAIN_SELF = YES;
				CLANG_WARN_OBJC_LITERAL_CONVERSION = YES;
				CLANG_WARN_OBJC_ROOT_CLASS = YES_ERROR;
				CLANG_WARN_QUOTED_INCLUDE_IN_FRAMEWORK_HEADER = YES;
				CLANG_WARN_RANGE_LOOP_ANALYSIS = YES;
				CLANG_WARN_STRICT_PROTOTYPES = YES;
				CLANG_WARN_SUSPICIOUS_MOVE = YES;
				CLANG_WARN_UNGUARDED_AVAILABILITY = YES_AGGRESSIVE;
				CLANG_WARN_UNREACHABLE_CODE = YES;
				CLANG_WARN__DUPLICATE_METHOD_MATCH = YES;
				COPY_PHASE_STRIP = NO;
				DEBUG_INFORMATION_FORMAT = "dwarf-with-dsym";
				ENABLE_NS_ASSERTIONS = NO;
				ENABLE_STRICT_OBJC_MSGSEND = YES;
				GCC_C_LANGUAGE_STANDARD = gnu11;
				GCC_NO_COMMON_BLOCKS = YES;
				GCC_WARN_64_TO_32_BIT_CONVERSION = YES;
				GCC_WARN_ABOUT_RETURN_TYPE = YES_ERROR;
				GCC_WARN_UNDECLARED_SELECTOR = YES;
				GCC_WARN_UNINITIALIZED_AUTOS = YES_AGGRESSIVE;
				GCC_WARN_UNUSED_FUNCTION = YES;
				GCC_WARN_UNUSED_VARIABLE = YES;
				IPHONEOS_DEPLOYMENT_TARGET = 16.4;
				MTL_ENABLE_DEBUG_INFO = NO;
				MTL_FAST_MATH = YES;
				SDKROOT = iphoneos;
				SWIFT_COMPILATION_MODE = wholemodule;
				SWIFT_OPTIMIZATION_LEVEL = "-O";
				VALIDATE_PRODUCT = YES;
			};
			name = Release;
		};
		F55B7AB42C323FE600926F4E /* Debug */ = {
			isa = XCBuildConfiguration;
			buildSettings = {
				ASSETCATALOG_COMPILER_APPICON_NAME = AppIcon;
				ASSETCATALOG_COMPILER_GLOBAL_ACCENT_COLOR_NAME = AccentColor;
				CODE_SIGN_STYLE = Automatic;
				CURRENT_PROJECT_VERSION = 1;
				GENERATE_INFOPLIST_FILE = YES;
				INFOPLIST_FILE = APIPROJE/Info.plist;
				INFOPLIST_KEY_UIApplicationSupportsIndirectInputEvents = YES;
				INFOPLIST_KEY_UILaunchStoryboardName = LaunchScreen;
				INFOPLIST_KEY_UIMainStoryboardFile = Main;
				INFOPLIST_KEY_UISupportedInterfaceOrientations_iPad = "UIInterfaceOrientationPortrait UIInterfaceOrientationPortraitUpsideDown UIInterfaceOrientationLandscapeLeft UIInterfaceOrientationLandscapeRight";
				INFOPLIST_KEY_UISupportedInterfaceOrientations_iPhone = "UIInterfaceOrientationPortrait UIInterfaceOrientationLandscapeLeft UIInterfaceOrientationLandscapeRight";
				LD_RUNPATH_SEARCH_PATHS = (
					"$(inherited)",
					"@executable_path/Frameworks",
				);
				MARKETING_VERSION = 1.0;
				PRODUCT_BUNDLE_IDENTIFIER = "Buse-Koca.APIPROJE";
				PRODUCT_NAME = "$(TARGET_NAME)";
				SWIFT_EMIT_LOC_STRINGS = YES;
				SWIFT_VERSION = 5.0;
				TARGETED_DEVICE_FAMILY = "1,2";
			};
			name = Debug;
		};
		F55B7AB52C323FE600926F4E /* Release */ = {
			isa = XCBuildConfiguration;
			buildSettings = {
				ASSETCATALOG_COMPILER_APPICON_NAME = AppIcon;
				ASSETCATALOG_COMPILER_GLOBAL_ACCENT_COLOR_NAME = AccentColor;
				CODE_SIGN_STYLE = Automatic;
				CURRENT_PROJECT_VERSION = 1;
				GENERATE_INFOPLIST_FILE = YES;
				INFOPLIST_FILE = APIPROJE/Info.plist;
				INFOPLIST_KEY_UIApplicationSupportsIndirectInputEvents = YES;
				INFOPLIST_KEY_UILaunchStoryboardName = LaunchScreen;
				INFOPLIST_KEY_UIMainStoryboardFile = Main;
				INFOPLIST_KEY_UISupportedInterfaceOrientations_iPad = "UIInterfaceOrientationPortrait UIInterfaceOrientationPortraitUpsideDown UIInterfaceOrientationLandscapeLeft UIInterfaceOrientationLandscapeRight";
				INFOPLIST_KEY_UISupportedInterfaceOrientations_iPhone = "UIInterfaceOrientationPortrait UIInterfaceOrientationLandscapeLeft UIInterfaceOrientationLandscapeRight";
				LD_RUNPATH_SEARCH_PATHS = (
					"$(inherited)",
					"@executable_path/Frameworks",
				);
				MARKETING_VERSION = 1.0;
				PRODUCT_BUNDLE_IDENTIFIER = "Buse-Koca.APIPROJE";
				PRODUCT_NAME = "$(TARGET_NAME)";
				SWIFT_EMIT_LOC_STRINGS = YES;
				SWIFT_VERSION = 5.0;
				TARGETED_DEVICE_FAMILY = "1,2";
			};
			name = Release;
		};
		F55B7AB72C323FE600926F4E /* Debug */ = {
			isa = XCBuildConfiguration;
			buildSettings = {
				ALWAYS_EMBED_SWIFT_STANDARD_LIBRARIES = YES;
				BUNDLE_LOADER = "$(TEST_HOST)";
				CODE_SIGN_STYLE = Automatic;
				CURRENT_PROJECT_VERSION = 1;
				GENERATE_INFOPLIST_FILE = YES;
				IPHONEOS_DEPLOYMENT_TARGET = 16.4;
				MARKETING_VERSION = 1.0;
				PRODUCT_BUNDLE_IDENTIFIER = "Buse-Koca.APIPROJETests";
				PRODUCT_NAME = "$(TARGET_NAME)";
				SWIFT_EMIT_LOC_STRINGS = NO;
				SWIFT_VERSION = 5.0;
				TARGETED_DEVICE_FAMILY = "1,2";
				TEST_HOST = "$(BUILT_PRODUCTS_DIR)/APIPROJE.app/$(BUNDLE_EXECUTABLE_FOLDER_PATH)/APIPROJE";
			};
			name = Debug;
		};
		F55B7AB82C323FE600926F4E /* Release */ = {
			isa = XCBuildConfiguration;
			buildSettings = {
				ALWAYS_EMBED_SWIFT_STANDARD_LIBRARIES = YES;
				BUNDLE_LOADER = "$(TEST_HOST)";
				CODE_SIGN_STYLE = Automatic;
				CURRENT_PROJECT_VERSION = 1;
				GENERATE_INFOPLIST_FILE = YES;
				IPHONEOS_DEPLOYMENT_TARGET = 16.4;
				MARKETING_VERSION = 1.0;
				PRODUCT_BUNDLE_IDENTIFIER = "Buse-Koca.APIPROJETests";
				PRODUCT_NAME = "$(TARGET_NAME)";
				SWIFT_EMIT_LOC_STRINGS = NO;
				SWIFT_VERSION = 5.0;
				TARGETED_DEVICE_FAMILY = "1,2";
				TEST_HOST = "$(BUILT_PRODUCTS_DIR)/APIPROJE.app/$(BUNDLE_EXECUTABLE_FOLDER_PATH)/APIPROJE";
			};
			name = Release;
		};
		F55B7ABA2C323FE600926F4E /* Debug */ = {
			isa = XCBuildConfiguration;
			buildSettings = {
				ALWAYS_EMBED_SWIFT_STANDARD_LIBRARIES = YES;
				CODE_SIGN_STYLE = Automatic;
				CURRENT_PROJECT_VERSION = 1;
				GENERATE_INFOPLIST_FILE = YES;
				MARKETING_VERSION = 1.0;
				PRODUCT_BUNDLE_IDENTIFIER = "Buse-Koca.APIPROJEUITests";
				PRODUCT_NAME = "$(TARGET_NAME)";
				SWIFT_EMIT_LOC_STRINGS = NO;
				SWIFT_VERSION = 5.0;
				TARGETED_DEVICE_FAMILY = "1,2";
				TEST_TARGET_NAME = APIPROJE;
			};
			name = Debug;
		};
		F55B7ABB2C323FE600926F4E /* Release */ = {
			isa = XCBuildConfiguration;
			buildSettings = {
				ALWAYS_EMBED_SWIFT_STANDARD_LIBRARIES = YES;
				CODE_SIGN_STYLE = Automatic;
				CURRENT_PROJECT_VERSION = 1;
				GENERATE_INFOPLIST_FILE = YES;
				MARKETING_VERSION = 1.0;
				PRODUCT_BUNDLE_IDENTIFIER = "Buse-Koca.APIPROJEUITests";
				PRODUCT_NAME = "$(TARGET_NAME)";
				SWIFT_EMIT_LOC_STRINGS = NO;
				SWIFT_VERSION = 5.0;
				TARGETED_DEVICE_FAMILY = "1,2";
				TEST_TARGET_NAME = APIPROJE;
			};
			name = Release;
		};
/* End XCBuildConfiguration section */

/* Begin XCConfigurationList section */
		F55B7A842C323FE400926F4E /* Build configuration list for PBXProject "APIPROJE" */ = {
			isa = XCConfigurationList;
			buildConfigurations = (
				F55B7AB12C323FE600926F4E /* Debug */,
				F55B7AB22C323FE600926F4E /* Release */,
			);
			defaultConfigurationIsVisible = 0;
			defaultConfigurationName = Release;
		};
		F55B7AB32C323FE600926F4E /* Build configuration list for PBXNativeTarget "APIPROJE" */ = {
			isa = XCConfigurationList;
			buildConfigurations = (
				F55B7AB42C323FE600926F4E /* Debug */,
				F55B7AB52C323FE600926F4E /* Release */,
			);
			defaultConfigurationIsVisible = 0;
			defaultConfigurationName = Release;
		};
		F55B7AB62C323FE600926F4E /* Build configuration list for PBXNativeTarget "APIPROJETests" */ = {
			isa = XCConfigurationList;
			buildConfigurations = (
				F55B7AB72C323FE600926F4E /* Debug */,
				F55B7AB82C323FE600926F4E /* Release */,
			);
			defaultConfigurationIsVisible = 0;
			defaultConfigurationName = Release;
		};
		F55B7AB92C323FE600926F4E /* Build configuration list for PBXNativeTarget "APIPROJEUITests" */ = {
			isa = XCConfigurationList;
			buildConfigurations = (
				F55B7ABA2C323FE600926F4E /* Debug */,
				F55B7ABB2C323FE600926F4E /* Release */,
			);
			defaultConfigurationIsVisible = 0;
			defaultConfigurationName = Release;
		};
/* End XCConfigurationList section */
	};
	rootObject = F55B7A812C323FE400926F4E /* Project object */;
}
